
Microsoft Visual Studio Solution File, Format Version 12.00
# Visual Studio Version 17
VisualStudioVersion = 17.5.33402.96
MinimumVisualStudioVersion = 10.0.40219.1
Project("{FAE04EC0-301F-11D3-BF4B-00C04F79EFBC}") = "Maine", "Maine\Maine.csproj", "{2EBE6327-ED63-4810-96BF-1AD92CF17AD5}"
EndProject
Project("{FAE04EC0-301F-11D3-BF4B-00C04F79EFBC}") = "Model", "Model\Model.csproj", "{0B4374F9-A94E-4ED7-8D04-D3FADC873E51}"
EndProject
Project("{2150E333-8FDC-42A3-9474-1A3956D46DE8}") = "Solution Items", "Solution Items", "{966DD9C7-34FE-452A-8374-E7FC15EBF277}"
	ProjectSection(SolutionItems) = preProject
		.editorconfig = .editorconfig
	EndProjectSection
EndProject
Global
	GlobalSection(SolutionConfigurationPlatforms) = preSolution
		Debug|Any CPU = Debug|Any CPU
		Release|Any CPU = Release|Any CPU
	EndGlobalSection
	GlobalSection(ProjectConfigurationPlatforms) = postSolution
		{2EBE6327-ED63-4810-96BF-1AD92CF17AD5}.Debug|Any CPU.ActiveCfg = Debug|Any CPU
		{2EBE6327-ED63-4810-96BF-1AD92CF17AD5}.Debug|Any CPU.Build.0 = Debug|Any CPU
		{2EBE6327-ED63-4810-96BF-1AD92CF17AD5}.Release|Any CPU.ActiveCfg = Release|Any CPU
		{2EBE6327-ED63-4810-96BF-1AD92CF17AD5}.Release|Any CPU.Build.0 = Release|Any CPU
		{0B4374F9-A94E-4ED7-8D04-D3FADC873E51}.Debug|Any CPU.ActiveCfg = Debug|Any CPU
		{0B4374F9-A94E-4ED7-8D04-D3FADC873E51}.Debug|Any CPU.Build.0 = Debug|Any CPU
		{0B4374F9-A94E-4ED7-8D04-D3FADC873E51}.Release|Any CPU.ActiveCfg = Release|Any CPU
		{0B4374F9-A94E-4ED7-8D04-D3FADC873E51}.Release|Any CPU.Build.0 = Release|Any CPU
	EndGlobalSection
	GlobalSection(SolutionProperties) = preSolution
		HideSolutionNode = FALSE
	EndGlobalSection
	GlobalSection(ExtensibilityGlobals) = postSolution
		SolutionGuid = {B87452A4-7A11-4369-9353-1ED224EE9AF9}
	EndGlobalSection
EndGlobal
